schema: '2.0'
stages:
  data_ingestion:
    cmd: python customer_churn/components/data_ingestion.py
    deps:
    - path: customer_churn/components/data_ingestion.py
      hash: md5
      md5: eea0ee24e15fde085f91753e304bc0dd
      size: 9460
    outs:
    - path: artifact/data_ingestion
      hash: md5
      md5: 185c60d745648a78d0c0ef3dc00bd6f7.dir
      size: 3486438
      nfiles: 3
  data_transformation:
    cmd: python customer_churn/components/data_transformation.py
    deps:
    - path: artifact/data_ingestion
      hash: md5
      md5: 185c60d745648a78d0c0ef3dc00bd6f7.dir
      size: 3486438
      nfiles: 3
    - path: customer_churn/components/data_transformation.py
      hash: md5
      md5: 094137d1766c97225ba4defa62aba846
      size: 11490
    outs:
    - path: artifact/data_transformation
      hash: md5
      md5: b288a38f0945705d6feefc32256bfb62.dir
      size: 504310
      nfiles: 3
  data_validation:
    cmd: python customer_churn/components/data_validation.py
    deps:
    - path: artifact/data_transformation
      hash: md5
      md5: b288a38f0945705d6feefc32256bfb62.dir
      size: 504310
      nfiles: 3
    - path: customer_churn/components/data_validation.py
      hash: md5
      md5: c08a83f43876eff8304d0528889e1294
      size: 11710
    outs:
    - path: artifact/data_validation
      hash: md5
      md5: 4ba551774453953856cf8ab1f9f099bf.dir
      size: 55
      nfiles: 1
  model_training:
    cmd: python customer_churn/components/model_trainer.py
    deps:
    - path: artifact/data_validation
      hash: md5
      md5: 4ba551774453953856cf8ab1f9f099bf.dir
      size: 55
      nfiles: 1
    - path: customer_churn/components/model_trainer.py
      hash: md5
      md5: 4783d1d5a1dd9fbdf1b83d146dc6b58d
      size: 8602
    outs:
    - path: artifact/model_trainer/trained_model/model.pkl
      hash: md5
      md5: b1408de05227157c8306c82f8470719c
      size: 476286
